// !$*UTF8*$!
{
	archiveVersion = 1;
	classes = {
	};
	objectVersion = 52;
	objects = {

/* Begin PBXBuildFile section */
		75307D8026A6F74A00E50CCC /* AppDelegate.swift in Sources */ = {isa = PBXBuildFile; fileRef = 75307D7F26A6F74A00E50CCC /* AppDelegate.swift */; };
		75307D8226A6F74A00E50CCC /* SceneDelegate.swift in Sources */ = {isa = PBXBuildFile; fileRef = 75307D8126A6F74A00E50CCC /* SceneDelegate.swift */; };
		75307D8426A6F74A00E50CCC /* ViewController.swift in Sources */ = {isa = PBXBuildFile; fileRef = 75307D8326A6F74A00E50CCC /* ViewController.swift */; };
		75307D8726A6F74A00E50CCC /* Main.storyboard in Resources */ = {isa = PBXBuildFile; fileRef = 75307D8526A6F74A00E50CCC /* Main.storyboard */; };
		75307D8926A6F74E00E50CCC /* Assets.xcassets in Resources */ = {isa = PBXBuildFile; fileRef = 75307D8826A6F74E00E50CCC /* Assets.xcassets */; };
		75307D8C26A6F74E00E50CCC /* LaunchScreen.storyboard in Resources */ = {isa = PBXBuildFile; fileRef = 75307D8A26A6F74E00E50CCC /* LaunchScreen.storyboard */; };
		75307D9626A6F96900E50CCC /* CHTCollectionViewWaterfallLayout in Frameworks */ = {isa = PBXBuildFile; productRef = 75307D9526A6F96900E50CCC /* CHTCollectionViewWaterfallLayout */; };
		75307D9926A6FA3500E50CCC /* ImageCollectionViewCell.swift in Sources */ = {isa = PBXBuildFile; fileRef = 75307D9826A6FA3500E50CCC /* ImageCollectionViewCell.swift */; };
/* End PBXBuildFile section */

/* Begin PBXFileReference section */
		75307D7C26A6F74A00E50CCC /* waterfall-collectionViewe.app */ = {isa = PBXFileReference; explicitFileType = wrapper.application; includeInIndex = 0; path = "waterfall-collectionViewe.app"; sourceTree = BUILT_PRODUCTS_DIR; };
		75307D7F26A6F74A00E50CCC /* AppDelegate.swift */ = {isa = PBXFileReference; lastKnownFileType = sourcecode.swift; path = AppDelegate.swift; sourceTree = "<group>"; };
		75307D8126A6F74A00E50CCC /* SceneDelegate.swift */ = {isa = PBXFileReference; lastKnownFileType = sourcecode.swift; path = SceneDelegate.swift; sourceTree = "<group>"; };
		75307D8326A6F74A00E50CCC /* ViewController.swift */ = {isa = PBXFileReference; lastKnownFileType = sourcecode.swift; path = ViewController.swift; sourceTree = "<group>"; };
		75307D8626A6F74A00E50CCC /* Base */ = {isa = PBXFileReference; lastKnownFileType = file.storyboard; name = Base; path = Base.lproj/Main.storyboard; sourceTree = "<group>"; };
		75307D8826A6F74E00E50CCC /* Assets.xcassets */ = {isa = PBXFileReference; lastKnownFileType = folder.assetcatalog; path = Assets.xcassets; sourceTree = "<group>"; };
		75307D8B26A6F74E00E50CCC /* Base */ = {isa = PBXFileReference; lastKnownFileType = file.storyboard; name = Base; path = Base.lproj/LaunchScreen.storyboard; sourceTree = "<group>"; };
		75307D8D26A6F74E00E50CCC /* Info.plist */ = {isa = PBXFileReference; lastKnownFileType = text.plist.xml; path = Info.plist; sourceTree = "<group>"; };
		75307D9826A6FA3500E50CCC /* ImageCollectionViewCell.swift */ = {isa = PBXFileReference; lastKnownFileType = sourcecode.swift; path = ImageCollectionViewCell.swift; sourceTree = "<group>"; };
/* End PBXFileReference section */

/* Begin PBXFrameworksBuildPhase section */
		75307D7926A6F74A00E50CCC /* Frameworks */ = {
			isa = PBXFrameworksBuildPhase;
			buildActionMask = 2147483647;
			files = (
				75307D9626A6F96900E50CCC /* CHTCollectionViewWaterfallLayout in Frameworks */,
			);
			runOnlyForDeploymentPostprocessing = 0;
		};
/* End PBXFrameworksBuildPhase section */

/* Begin PBXGroup section */
		75307D7326A6F74A00E50CCC = {
			isa = PBXGroup;
			children = (
				75307D7E26A6F74A00E50CCC /* waterfall-collectionViewe */,
				75307D7D26A6F74A00E50CCC /* Products */,
			);
			sourceTree = "<group>";
		};
		75307D7D26A6F74A00E50CCC /* Products */ = {
			isa = PBXGroup;
			children = (
				75307D7C26A6F74A00E50CCC /* waterfall-collectionViewe.app */,
			);
			name = Products;
			sourceTree = "<group>";
		};
		75307D7E26A6F74A00E50CCC /* waterfall-collectionViewe */ = {
			isa = PBXGroup;
			children = (
				75307D7F26A6F74A00E50CCC /* AppDelegate.swift */,
				75307D8126A6F74A00E50CCC /* SceneDelegate.swift */,
				75307D8326A6F74A00E50CCC /* ViewController.swift */,
				75307D9826A6FA3500E50CCC /* ImageCollectionViewCell.swift */,
				75307D8526A6F74A00E50CCC /* Main.storyboard */,
				75307D8826A6F74E00E50CCC /* Assets.xcassets */,
				75307D8A26A6F74E00E50CCC /* LaunchScreen.storyboard */,
				75307D8D26A6F74E00E50CCC /* Info.plist */,
			);
			path = "waterfall-collectionViewe";
			sourceTree = "<group>";
		};
/* End PBXGroup section */

/* Begin PBXNativeTarget section */
		75307D7B26A6F74A00E50CCC /* waterfall-collectionViewe */ = {
			isa = PBXNativeTarget;
			buildConfigurationList = 75307D9026A6F74E00E50CCC /* Build configuration list for PBXNativeTarget "waterfall-collectionViewe" */;
			buildPhases = (
				75307D7826A6F74A00E50CCC /* Sources */,
				75307D7926A6F74A00E50CCC /* Frameworks */,
				75307D7A26A6F74A00E50CCC /* Resources */,
			);
			buildRules = (
			);
			dependencies = (
			);
			name = "waterfall-collectionViewe";
			packageProductDependencies = (
				75307D9526A6F96900E50CCC /* CHTCollectionViewWaterfallLayout */,
			);
			productName = "waterfall-collectionViewe";
			productReference = 75307D7C26A6F74A00E50CCC /* waterfall-collectionViewe.app */;
			productType = "com.apple.product-type.application";
		};
/* End PBXNativeTarget section */

/* Begin PBXProject section */
		75307D7426A6F74A00E50CCC /* Project object */ = {
			isa = PBXProject;
			attributes = {
				LastSwiftUpdateCheck = 1240;
				LastUpgradeCheck = 1240;
				TargetAttributes = {
					75307D7B26A6F74A00E50CCC = {
						CreatedOnToolsVersion = 12.4;
					};
				};
			};
			buildConfigurationList = 75307D7726A6F74A00E50CCC /* Build configuration list for PBXProject "waterfall-collectionViewe" */;
			compatibilityVersion = "Xcode 9.3";
			developmentRegion = en;
			hasScannedForEncodings = 0;
			knownRegions = (
				en,
				Base,
			);
			mainGroup = 75307D7326A6F74A00E50CCC;
			packageReferences = (
				75307D9426A6F96900E50CCC /* XCRemoteSwiftPackageReference "CHTCollectionViewWaterfallLayout" */,
			);
			productRefGroup = 75307D7D26A6F74A00E50CCC /* Products */;
			projectDirPath = "";
			projectRoot = "";
			targets = (
				75307D7B26A6F74A00E50CCC /* waterfall-collectionViewe */,
			);
		};
/* End PBXProject section */

/* Begin PBXResourcesBuildPhase section */
		75307D7A26A6F74A00E50CCC /* Resources */ = {
			isa = PBXResourcesBuildPhase;
			buildActionMask = 2147483647;
			files = (
				75307D8C26A6F74E00E50CCC /* LaunchScreen.storyboard in Resources */,
				75307D8926A6F74E00E50CCC /* Assets.xcassets in Resources */,
				75307D8726A6F74A00E50CCC /* Main.storyboard in Resources */,
			);
			runOnlyForDeploymentPostprocessing = 0;
		};
/* End PBXResourcesBuildPhase section */

/* Begin PBXSourcesBuildPhase section */
		75307D7826A6F74A00E50CCC /* Sources */ = {
			isa = PBXSourcesBuildPhase;
			buildActionMask = 2147483647;
			files = (
				75307D8426A6F74A00E50CCC /* ViewController.swift in Sources */,
				75307D8026A6F74A00E50CCC /* AppDelegate.swift in Sources */,
				75307D9926A6FA3500E50CCC /* ImageCollectionViewCell.swift in Sources */,
				75307D8226A6F74A00E50CCC /* SceneDelegate.swift in Sources */,
			);
			runOnlyForDeploymentPostprocessing = 0;
		};
/* End PBXSourcesBuildPhase section */

/* Begin PBXVariantGroup section */
		75307D8526A6F74A00E50CCC /* Main.storyboard */ = {
			isa = PBXVariantGroup;
			children = (
				75307D8626A6F74A00E50CCC /* Base */,
			);
			name = Main.storyboard;
			sourceTree = "<group>";
		};
		75307D8A26A6F74E00E50CCC /* LaunchScreen.storyboard */ = {
			isa = PBXVariantGroup;
			children = (
				75307D8B26A6F74E00E50CCC /* Base */,
			);
			name = LaunchScreen.storyboard;
			sourceTree = "<group>";
		};
/* End PBXVariantGroup section */

/* Begin XCBuildConfiguration section */
		75307D8E26A6F74E00E50CCC /* Debug */ = {
			isa = XCBuildConfiguration;
			buildSettings = {
				ALWAYS_SEARCH_USER_PATHS = NO;
				CLANG_ANALYZER_NONNULL = YES;
				CLANG_ANALYZER_NUMBER_OBJECT_CONVERSION = YES_AGGRESSIVE;
				CLANG_CXX_LANGUAGE_STANDARD = "gnu++14";
				CLANG_CXX_LIBRARY = "libc++";
				CLANG_ENABLE_MODULES = YES;
				CLANG_ENABLE_OBJC_ARC = YES;
				CLANG_ENABLE_OBJC_WEAK = YES;
				CLANG_WARN_BLOCK_CAPTURE_AUTORELEASING = YES;
				CLANG_WARN_BOOL_CONVERSION = YES;
				CLANG_WARN_COMMA = YES;
				CLANG_WARN_CONSTANT_CONVERSION = YES;
				CLANG_WARN_DEPRECATED_OBJC_IMPLEMENTATIONS = YES;
				CLANG_WARN_DIRECT_OBJC_ISA_USAGE = YES_ERROR;
				CLANG_WARN_DOCUMENTATION_COMMENTS = YES;
				CLANG_WARN_EMPTY_BODY = YES;
				CLANG_WARN_ENUM_CONVERSION = YES;
				CLANG_WARN_INFINITE_RECURSION = YES;
				CLANG_WARN_INT_CONVERSION = YES;
				CLANG_WARN_NON_LITERAL_NULL_CONVERSION = YES;
				CLANG_WARN_OBJC_IMPLICIT_RETAIN_SELF = YES;
				CLANG_WARN_OBJC_LITERAL_CONVERSION = YES;
				CLANG_WARN_OBJC_ROOT_CLASS = YES_ERROR;
				CLANG_WARN_QUOTED_INCLUDE_IN_FRAMEWORK_HEADER = YES;
				CLANG_WARN_RANGE_LOOP_ANALYSIS = YES;
				CLANG_WARN_STRICT_PROTOTYPES = YES;
				CLANG_WARN_SUSPICIOUS_MOVE = YES;
				CLANG_WARN_UNGUARDED_AVAILABILITY = YES_AGGRESSIVE;
				CLANG_WARN_UNREACHABLE_CODE = YES;
				CLANG_WARN__DUPLICATE_METHOD_MATCH = YES;
				COPY_PHASE_STRIP = NO;
				DEBUG_INFORMATION_FORMAT = dwarf;
				ENABLE_STRICT_OBJC_MSGSEND = YES;
				ENABLE_TESTABILITY = YES;
				GCC_C_LANGUAGE_STANDARD = gnu11;
				GCC_DYNAMIC_NO_PIC = NO;
				GCC_NO_COMMON_BLOCKS = YES;
				GCC_OPTIMIZATION_LEVEL = 0;
				GCC_PREPROCESSOR_DEFINITIONS = (
					"DEBUG=1",
					"$(inherited)",
				);
				GCC_WARN_64_TO_32_BIT_CONVERSION = YES;
				GCC_WARN_ABOUT_RETURN_TYPE = YES_ERROR;
				GCC_WARN_UNDECLARED_SELECTOR = YES;
				GCC_WARN_UNINITIALIZED_AUTOS = YES_AGGRESSIVE;
				GCC_WARN_UNUSED_FUNCTION = YES;
				GCC_WARN_UNUSED_VARIABLE = YES;
				IPHONEOS_DEPLOYMENT_TARGET = 14.4;
				MTL_ENABLE_DEBUG_INFO = INCLUDE_SOURCE;
				MTL_FAST_MATH = YES;
				ONLY_ACTIVE_ARCH = YES;
				SDKROOT = iphoneos;
				SWIFT_ACTIVE_COMPILATION_CONDITIONS = DEBUG;
				SWIFT_OPTIMIZATION_LEVEL = "-Onone";
			};
			name = Debug;
		};
		75307D8F26A6F74E00E50CCC /* Release */ = {
			isa = XCBuildConfiguration;
			buildSettings = {
				ALWAYS_SEARCH_USER_PATHS = NO;
				CLANG_ANALYZER_NONNULL = YES;
				CLANG_ANALYZER_NUMBER_OBJECT_CONVERSION = YES_AGGRESSIVE;
				CLANG_CXX_LANGUAGE_STANDARD = "gnu++14";
				CLANG_CXX_LIBRARY = "libc++";
				CLANG_ENABLE_MODULES = YES;
				CLANG_ENABLE_OBJC_ARC = YES;
				CLANG_ENABLE_OBJC_WEAK = YES;
				CLANG_WARN_BLOCK_CAPTURE_AUTORELEASING = YES;
				CLANG_WARN_BOOL_CONVERSION = YES;
				CLANG_WARN_COMMA = YES;
				CLANG_WARN_CONSTANT_CONVERSION = YES;
				CLANG_WARN_DEPRECATED_OBJC_IMPLEMENTATIONS = YES;
				CLANG_WARN_DIRECT_OBJC_ISA_USAGE = YES_ERROR;
				CLANG_WARN_DOCUMENTATION_COMMENTS = YES;
				CLANG_WARN_EMPTY_BODY = YES;
				CLANG_WARN_ENUM_CONVERSION = YES;
				CLANG_WARN_INFINITE_RECURSION = YES;
				CLANG_WARN_INT_CONVERSION = YES;
				CLANG_WARN_NON_LITERAL_NULL_CONVERSION = YES;
				CLANG_WARN_OBJC_IMPLICIT_RETAIN_SELF = YES;
				CLANG_WARN_OBJC_LITERAL_CONVERSION = YES;
				CLANG_WARN_OBJC_ROOT_CLASS = YES_ERROR;
				CLANG_WARN_QUOTED_INCLUDE_IN_FRAMEWORK_HEADER = YES;
				CLANG_WARN_RANGE_LOOP_ANALYSIS = YES;
				CLANG_WARN_STRICT_PROTOTYPES = YES;
				CLANG_WARN_SUSPICIOUS_MOVE = YES;
				CLANG_WARN_UNGUARDED_AVAILABILITY = YES_AGGRESSIVE;
				CLANG_WARN_UNREACHABLE_CODE = YES;
				CLANG_WARN__DUPLICATE_METHOD_MATCH = YES;
				COPY_PHASE_STRIP = NO;
				DEBUG_INFORMATION_FORMAT = "dwarf-with-dsym";
				ENABLE_NS_ASSERTIONS = NO;
				ENABLE_STRICT_OBJC_MSGSEND = YES;
				GCC_C_LANGUAGE_STANDARD = gnu11;
				GCC_NO_COMMON_BLOCKS = YES;
				GCC_WARN_64_TO_32_BIT_CONVERSION = YES;
				GCC_WARN_ABOUT_RETURN_TYPE = YES_ERROR;
				GCC_WARN_UNDECLARED_SELECTOR = YES;
				GCC_WARN_UNINITIALIZED_AUTOS = YES_AGGRESSIVE;
				GCC_WARN_UNUSED_FUNCTION = YES;
				GCC_WARN_UNUSED_VARIABLE = YES;
				IPHONEOS_DEPLOYMENT_TARGET = 14.4;
				MTL_ENABLE_DEBUG_INFO = NO;
				MTL_FAST_MATH = YES;
				SDKROOT = iphoneos;
				SWIFT_COMPILATION_MODE = wholemodule;
				SWIFT_OPTIMIZATION_LEVEL = "-O";
				VALIDATE_PRODUCT = YES;
			};
			name = Release;
		};
		75307D9126A6F74E00E50CCC /* Debug */ = {
			isa = XCBuildConfiguration;
			buildSettings = {
				ASSETCATALOG_COMPILER_APPICON_NAME = AppIcon;
				ASSETCATALOG_COMPILER_GLOBAL_ACCENT_COLOR_NAME = AccentColor;
				CODE_SIGN_STYLE = Automatic;
				INFOPLIST_FILE = "waterfall-collectionViewe/Info.plist";
				LD_RUNPATH_SEARCH_PATHS = (
					"$(inherited)",
					"@executable_path/Frameworks",
				);
				PRODUCT_BUNDLE_IDENTIFIER = "ignatiojulian.waterfall-collectionViewe";
				PRODUCT_NAME = "$(TARGET_NAME)";
				SWIFT_VERSION = 5.0;
				TARGETED_DEVICE_FAMILY = "1,2";
			};
			name = Debug;
		};
		75307D9226A6F74E00E50CCC /* Release */ = {
			isa = XCBuildConfiguration;
			buildSettings = {
				ASSETCATALOG_COMPILER_APPICON_NAME = AppIcon;
				ASSETCATALOG_COMPILER_GLOBAL_ACCENT_COLOR_NAME = AccentColor;
				CODE_SIGN_STYLE = Automatic;
				INFOPLIST_FILE = "waterfall-collectionViewe/Info.plist";
				LD_RUNPATH_SEARCH_PATHS = (
					"$(inherited)",
					"@executable_path/Frameworks",
				);
				PRODUCT_BUNDLE_IDENTIFIER = "ignatiojulian.waterfall-collectionViewe";
				PRODUCT_NAME = "$(TARGET_NAME)";
				SWIFT_VERSION = 5.0;
				TARGETED_DEVICE_FAMILY = "1,2";
			};
			name = Release;
		};
/* End XCBuildConfiguration section */

/* Begin XCConfigurationList section */
		75307D7726A6F74A00E50CCC /* Build configuration list for PBXProject "waterfall-collectionViewe" */ = {
			isa = XCConfigurationList;
			buildConfigurations = (
				75307D8E26A6F74E00E50CCC /* Debug */,
				75307D8F26A6F74E00E50CCC /* Release */,
			);
			defaultConfigurationIsVisible = 0;
			defaultConfigurationName = Release;
		};
		75307D9026A6F74E00E50CCC /* Build configuration list for PBXNativeTarget "waterfall-collectionViewe" */ = {
			isa = XCConfigurationList;
			buildConfigurations = (
				75307D9126A6F74E00E50CCC /* Debug */,
				75307D9226A6F74E00E50CCC /* Release */,
			);
			defaultConfigurationIsVisible = 0;
			defaultConfigurationName = Release;
		};
/* End XCConfigurationList section */

/* Begin XCRemoteSwiftPackageReference section */
		75307D9426A6F96900E50CCC /* XCRemoteSwiftPackageReference "CHTCollectionViewWaterfallLayout" */ = {
			isa = XCRemoteSwiftPackageReference;
			repositoryURL = "https://github.com/chiahsien/CHTCollectionViewWaterfallLayout.git";
			requirement = {
				kind = upToNextMajorVersion;
				minimumVersion = 0.9.8;
			};
		};
/* End XCRemoteSwiftPackageReference section */

/* Begin XCSwiftPackageProductDependency section */
		75307D9526A6F96900E50CCC /* CHTCollectionViewWaterfallLayout */ = {
			isa = XCSwiftPackageProductDependency;
			package = 75307D9426A6F96900E50CCC /* XCRemoteSwiftPackageReference "CHTCollectionViewWaterfallLayout" */;
			productName = CHTCollectionViewWaterfallLayout;
		};
/* End XCSwiftPackageProductDependency section */
	};
	rootObject = 75307D7426A6F74A00E50CCC /* Project object */;
}
